
Microsoft Visual Studio Solution File, Format Version 11.00
# Visual Basic Express 2010
Project("{F184B08F-C81C-45F6-A57F-5ABD9991F28F}") = "FlashRunner2", "FlashRunner2\FlashRunner2.vbproj", "{EE6683E9-24FD-4D28-8ABF-AD3B29274AEC}"
EndProject
Global
	GlobalSection(SolutionConfigurationPlatforms) = preSolution
		Debug|x86 = Debug|x86
		Release|x86 = Release|x86
	EndGlobalSection
	GlobalSection(ProjectConfigurationPlatforms) = postSolution
		{EE6683E9-24FD-4D28-8ABF-AD3B29274AEC}.Debug|x86.ActiveCfg = Debug|x86
		{EE6683E9-24FD-4D28-8ABF-AD3B29274AEC}.Debug|x86.Build.0 = Debug|x86
		{EE6683E9-24FD-4D28-8ABF-AD3B29274AEC}.Release|x86.ActiveCfg = Release|x86
		{EE6683E9-24FD-4D28-8ABF-AD3B29274AEC}.Release|x86.Build.0 = Release|x86
	EndGlobalSection
	GlobalSection(SolutionProperties) = preSolution
		HideSolutionNode = FALSE
	EndGlobalSection
EndGlobal
